{
  "originHash" : "e043e35d89fc9c175f4169f4aa9709becdfb87b915ef76ee944456cb593c96b1",
  "pins" : [
    {
      "identity" : "hotwire-native-ios",
      "kind" : "remoteSourceControl",
      "location" : "https://github.com/hotwired/hotwire-native-ios",
      "state" : {
        "revision" : "f18b87938f55cbe8976e96702b5512fa9afcd674",
        "version" : "1.2.0"
      }
    }
  ],
  "version" : 3
}
